
Microsoft Visual Studio Solution File, Format Version 12.00
# Visual Studio Version 17
VisualStudioVersion = 17.3.32901.215
MinimumVisualStudioVersion = 10.0.40219.1
Project("{FAE04EC0-301F-11D3-BF4B-00C04F79EFBC}") = "Covid19SignalR.API", "Covid19SignalR.API\Covid19SignalR.API.csproj", "{C693DBAD-645F-4EBE-9D99-6B85CBAAE9DF}"
EndProject
Global
	GlobalSection(SolutionConfigurationPlatforms) = preSolution
		Debug|Any CPU = Debug|Any CPU
		Release|Any CPU = Release|Any CPU
	EndGlobalSection
	GlobalSection(ProjectConfigurationPlatforms) = postSolution
		{C693DBAD-645F-4EBE-9D99-6B85CBAAE9DF}.Debug|Any CPU.ActiveCfg = Debug|Any CPU
		{C693DBAD-645F-4EBE-9D99-6B85CBAAE9DF}.Debug|Any CPU.Build.0 = Debug|Any CPU
		{C693DBAD-645F-4EBE-9D99-6B85CBAAE9DF}.Release|Any CPU.ActiveCfg = Release|Any CPU
		{C693DBAD-645F-4EBE-9D99-6B85CBAAE9DF}.Release|Any CPU.Build.0 = Release|Any CPU
	EndGlobalSection
	GlobalSection(SolutionProperties) = preSolution
		HideSolutionNode = FALSE
	EndGlobalSection
	GlobalSection(ExtensibilityGlobals) = postSolution
		SolutionGuid = {A1334C98-B633-4391-8493-58687A59F43D}
	EndGlobalSection
EndGlobal
